hash: edb8dc213b4a5665c5f873fad46a92a72096ab6929945c926aa30d7a54b736aa
updated: 2017-09-27T13:07:41.073959785Z
imports:
- name: github.com/advancedlogic/GoOse
  version: 64218f7a6ab78f55666fc83fb5afe67f79c01b21
- name: github.com/ahmetb/go-linq
  version: 7e71c124c1f903df09ca08678f145f68b45d125e
- name: github.com/andybalholm/cascadia
  version: 349dd0209470eabd9514242c688c403c0926d266
- name: github.com/araddon/dateparse
  version: e2f3c465e969d5981ef2f7f83e18d266d5df908c
- name: github.com/aws/aws-sdk-go
  version: 93c0610f5cfe455cdccfdbe17bb0276764e62f1f
  subpackages:
  - aws
  - aws/awserr
  - aws/awsutil
  - aws/client
  - aws/client/metadata
  - aws/corehandlers
  - aws/credentials
  - aws/credentials/ec2rolecreds
  - aws/credentials/endpointcreds
  - aws/credentials/stscreds
  - aws/defaults
  - aws/ec2metadata
  - aws/endpoints
  - aws/request
  - aws/session
  - aws/signer/v4
  - internal/shareddefaults
  - private/protocol
  - private/protocol/json/jsonutil
  - private/protocol/jsonrpc
  - private/protocol/query
  - private/protocol/query/queryutil
  - private/protocol/rest
  - private/protocol/restjson
  - private/protocol/restxml
  - private/protocol/xml/xmlutil
  - service/dynamodb
  - service/dynamodb/dynamodbattribute
  - service/lambda
  - service/s3
  - service/s3/s3iface
  - service/s3/s3manager
  - service/sts
- name: github.com/aymerick/raymond
  version: a2232af10b53ef1ae5a767f5178db3a6c1dab655
  subpackages:
  - ast
  - lexer
  - parser
- name: github.com/blevesearch/bleve
  version: 97393d027342f43b17da2f02c090a4e728ac929f
  subpackages:
  - analysis
  - analysis/analyzers/standard_analyzer
  - analysis/datetime_parsers/datetime_optional
  - analysis/datetime_parsers/flexible_go
  - analysis/language/en
  - analysis/token_filters/lower_case_filter
  - analysis/token_filters/porter
  - analysis/token_filters/stop_tokens_filter
  - analysis/tokenizers/unicode
  - document
  - index
  - index/store
  - index/store/boltdb
  - index/store/gtreap
  - index/upside_down
  - numeric_util
  - registry
  - search
  - search/collectors
  - search/facets
  - search/highlight
  - search/highlight/fragment_formatters/html
  - search/highlight/fragmenters/simple
  - search/highlight/highlighters/html
  - search/highlight/highlighters/simple
  - search/scorers
  - search/searchers
- name: github.com/blevesearch/go-porterstemmer
  version: 23a2c8e5cf1f380f27722c6d2ae8896431dc7d0e
  repo: https://github.com/blevesearch/go-porterstemmer
- name: github.com/blevesearch/segment
  version: db70c57796cc8c310613541dfade3dce627d09c7
  repo: https://github.com/blevesearch/segment
- name: github.com/boltdb/bolt
  version: 144418e1475d8bf7abbdc48583500f1a20c62ea7
  repo: https://github.com/boltdb/bolt
- name: github.com/codegangsta/cli
  version: c31a7975863e7810c92e2e288a9ab074f9a88f29
- name: github.com/dgrijalva/jwt-go
  version: d2709f9f1f31ebcda9651b03077758c1f3a0018c
- name: github.com/dlclark/regexp2
  version: 487489b64fb796de2e55f4e8a4ad1e145f80e957
  subpackages:
  - syntax
- name: github.com/dop251/goja
  version: 613f33eefdee5996ef938043efe8f1a9955fb8cc
  subpackages:
  - ast
  - file
  - parser
  - token
- name: github.com/dop251/goja_nodejs
  version: fdfc26f6b65b2ec607887e2a59b72638b6c25cd2
  subpackages:
  - console
  - eventloop
  - require
  - util
- name: github.com/eawsy/aws-lambda-go-core
  version: e26eed6aa244a3d45aa693816a9c5faf39390fcd
  subpackages:
  - '...'
  - service/lambda/runtime
- name: github.com/elazarl/go-bindata-assetfs
  version: 30f82fa23fd844bd5bb1e5f216db87fd77b5eb43
- name: github.com/fanky5g/go-wurfl
  version: 1088956607af5c75a25f585fd0445b2068a5569c
- name: github.com/fatih/structs
  version: 7e5a8eef611ee84dd359503f3969f80df4c50723
- name: github.com/go-ini/ini
  version: c787282c39ac1fc618827141a1f762240def08a3
- name: github.com/golang/protobuf
  version: 655cdfa588ea190e901bc5590e65d5621688847c
  repo: https://github.com/golang/protobuf
  subpackages:
  - proto
- name: github.com/google/google-api-go-client
  version: 98825bb0065da4054e5da6db34f5fc598e50bc24
- name: github.com/gorilla/context
  version: 08b5f424b9271eedf6f9f0ce86cb9396ed337a42
- name: github.com/gorilla/securecookie
  version: 667fe4e3466a040b780561fe9b51a83a3753eefc
- name: github.com/gorilla/sessions
  version: b61c93cb7f67533c8bfbb5ea450efc07e5833c5e
- name: github.com/gorilla/websocket
  version: ea4d1f681babbce9545c9c5f3d5194a789c89f5b
- name: github.com/itsjamie/go-bindata-templates
  version: 78f87e838df0fb89dbcd26e1489f988cd7bc3bb8
- name: github.com/JalfResi/justext
  version: c0282dea71984da06b2f154dcd2b06da3948aa06
- name: github.com/jaytaylor/html2text
  version: 0ee88d3006305456b84cad14a24b2576f9411965
- name: github.com/jinzhu/gorm
  version: 5174cc5c242a728b435ea2be8a2f7f998e15429b
  subpackages:
  - dialects/postgres
- name: github.com/jinzhu/inflection
  version: 1c35d901db3da928c72a72d8458480cc9ade058f
- name: github.com/jmespath/go-jmespath
  version: bd40a432e4c76585ef6b72d3fd96fb9b6dc7b68d
- name: github.com/jteeuwen/go-bindata
  version: a0ff2567cfb70903282db057e799fd826784d41d
- name: github.com/jung-kurt/gofpdf
  version: 14c1db30737a138f8d9797cffea58783892b2fae
- name: github.com/labstack/echo
  version: 1e9845a414f5177986779ee21963df7d1e362e15
  subpackages:
  - middleware
- name: github.com/labstack/gommon
  version: 57409ada9da0f2afad6664c49502f8c50fbd8476
  subpackages:
  - bytes
  - color
  - log
  - random
- name: github.com/levigross/exp-html
  version: 8df60c69a8f5b0fe4a72ff6ae3811d4b57154e39
- name: github.com/lib/pq
  version: e42267488fe361b9dc034be7a6bffef5b195bceb
  subpackages:
  - hstore
  - oid
- name: github.com/lunny/html2md
  version: 91fd50f6e62ac690568235938291c97b84f3e783
- name: github.com/mattn/go-colorable
  version: ad5389df28cdac544c99bd7b9161a0b5b6ca9d1b
- name: github.com/mattn/go-isatty
  version: 56b76bdf51f7708750eac80fa38b952bb9f32639
- name: github.com/mattn/go-runewidth
  version: 97311d9f7767e3d6f422ea06661bc2c7a19e8a5d
- name: github.com/microcosm-cc/bluemonday
  version: 68fecaef60268522d2ac3f0123cec9d3bcab7b6e
- name: github.com/nu7hatch/gouuid
  version: 179d4d0c4d8d407a32af483c2354df1d2c91e6c3
- name: github.com/NYTimes/gziphandler
  version: 967539e5e271a2bc9b3dcb1285078a1b1df105ae
- name: github.com/olebedev/config
  version: 142c005175618f9116a60676c4eec0b3859f4afe
- name: github.com/olebedev/gojax
  version: bb153be84336f26925890502929cc363477df7ad
  subpackages:
  - fetch
  - fetch/internal/data
- name: github.com/olebedev/on
  version: f65b7c9823a4c30797e9ad3c51d559a36ff8d542
- name: github.com/olekukonko/tablewriter
  version: a7a4c189eb47ed33ce7b35f2880070a0c82a67d4
- name: github.com/otiai10/gosseract
  version: df11bbf9be4cab849f76f63d03378047ac1fb2a0
  subpackages:
  - tesseract
- name: github.com/otiai10/mint
  version: 35730131bb808e17c9f26f1204a9bcc6f9e12fb4
- name: github.com/pkg/errors
  version: 2b3a18b5f0fb6b4f9190549597d3f962c02bc5eb
- name: github.com/pkg/profile
  version: 5b67d428864e92711fcbd2f8629456121a56d91f
- name: github.com/PuerkitoBio/gocrawl
  version: 1f1a7bee20f4768c9acd330d9d4f4064ac5f7311
- name: github.com/PuerkitoBio/goquery
  version: ce645ea5e67a713599b7415f21f0786451fa9554
- name: github.com/PuerkitoBio/purell
  version: fd18e053af8a4ff11039269006e8037ff374ce0e
- name: github.com/PuerkitoBio/urlesc
  version: de5bf2ad457846296e2031421a34e2568e304e35
- name: github.com/rubenfonseca/fastimage
  version: 7e006a27a95babf4d41ca61e8c43df92ca3ff873
- name: github.com/russross/blackfriday
  version: 187c33ff049bddf24fc5c5b82facfdd62813a552
- name: github.com/sajari/docconv
  version: 2228da9d5d8cff4d3757555e3f44f0b8a9b40725
  subpackages:
  - iWork
  - snappy
- name: github.com/shurcooL/sanitized_anchor_name
  version: 86672fcb3f950f35f2e675df2240550f2a50762f
- name: github.com/ssor/bom
  version: 6386211fdfcf24c0bfbdaceafd02849ed9a8a509
- name: github.com/steveyen/gtreap
  version: 0abe01ef9be25c4aedc174758ec2d917314d6d70
  repo: https://github.com/steveyen/gtreap
- name: github.com/stretchr/testify
  version: 69483b4bd14f5845b5a1e55bca19e954e827f1d0
  subpackages:
  - assert
- name: github.com/temoto/robotstxt.go
  version: 9e4646fa705336d5b2fa9dddfafbe0a1a965acd7
- name: github.com/twinj/uuid
  version: 89173bcdda19db0eb88aef1e1cb1cb2505561d31
- name: github.com/valyala/bytebufferpool
  version: e746df99fe4a3986f4d4f79e13c1e0117ce9c2f7
- name: github.com/valyala/fasttemplate
  version: dcecefd839c4193db0d35b88ec65b4c12d360ab0
- name: golang.org/x/crypto
  version: b176d7def5d71bdd214203491f89843ed217f420
  subpackages:
  - acme
  - acme/autocert
  - bcrypt
  - blowfish
- name: golang.org/x/net
  version: e45385e9b226f570b1f086bf287b25d3d4117776
  subpackages:
  - context
  - html
  - html/atom
  - html/charset
  - idna
- name: golang.org/x/oauth2
  version: 9a379c6b3e95a790ffc43293c2a78dee0d7b6e20
  subpackages:
  - redis
- name: golang.org/x/sys
  version: d75a52659825e75fff6158388dddc6a5b04f9ba5
  subpackages:
  - unix
- name: golang.org/x/text
  version: 44f4f658a783b0cee41fe0a23b8fc91d9c120558
  subpackages:
  - cases
  - collate
  - internal
  - internal/colltab
  - internal/tag
  - language
  - transform
  - unicode/norm
- name: google.golang.org/api
  version: 98825bb0065da4054e5da6db34f5fc598e50bc24
  subpackages:
  - youtube/v3
- name: gopkg.in/alexcesaro/quotedprintable.v3
  version: 2caba252f4dc53eaf6b553000885530023f54623
- name: gopkg.in/fatih/set.v0
  version: 27c40922c40b43fe04554d8223a402af3ea333f3
- name: gopkg.in/gomail.v2
  version: 81ebce5c23dfd25c6c67194b37d3dd3f338c98b1
- name: gopkg.in/mgo.v2
  version: 3f83fa5005286a7fe593b055f0d7771a7dce4655
  subpackages:
  - bson
  - internal/json
- name: gopkg.in/yaml.v2
  version: f7716cbe52baa25d2e9b0d0da546fcf909fc16b4
testImports:
- name: github.com/davecgh/go-spew
  version: 6d212800a42e8ab5c146b8ace3490ee17e5225f9
  subpackages:
  - spew
- name: github.com/pmezard/go-difflib
  version: d8ed2627bdf02c080bf22230dbb337003b7aba2d
  subpackages:
  - difflib
